// !$*UTF8*$!
{
	archiveVersion = 1;
	classes = {
	};
	objectVersion = 51;
	objects = {

/* Begin PBXBuildFile section */
		075F4A8C241A8F240014F79D /* AppDelegate.swift in Sources */ = {isa = PBXBuildFile; fileRef = 075F4A8B241A8F240014F79D /* AppDelegate.swift */; };
		075F4A8E241A8F240014F79D /* SceneDelegate.swift in Sources */ = {isa = PBXBuildFile; fileRef = 075F4A8D241A8F240014F79D /* SceneDelegate.swift */; };
		075F4A95241A8F290014F79D /* Assets.xcassets in Resources */ = {isa = PBXBuildFile; fileRef = 075F4A94241A8F290014F79D /* Assets.xcassets */; };
		075F4A98241A8F290014F79D /* LaunchScreen.storyboard in Resources */ = {isa = PBXBuildFile; fileRef = 075F4A96241A8F290014F79D /* LaunchScreen.storyboard */; };
		075F4AA3241A8F290014F79D /* WiproAssignmentTests.swift in Sources */ = {isa = PBXBuildFile; fileRef = 075F4AA2241A8F290014F79D /* WiproAssignmentTests.swift */; };
		075F4AAE241A8F290014F79D /* WiproAssignmentUITests.swift in Sources */ = {isa = PBXBuildFile; fileRef = 075F4AAD241A8F290014F79D /* WiproAssignmentUITests.swift */; };
		075F4ABF241A91C10014F79D /* CanadaListViewController.swift in Sources */ = {isa = PBXBuildFile; fileRef = 075F4ABE241A91C10014F79D /* CanadaListViewController.swift */; };
		075F4AC1241A920F0014F79D /* ProductsTableViewCell.swift in Sources */ = {isa = PBXBuildFile; fileRef = 075F4AC0241A920F0014F79D /* ProductsTableViewCell.swift */; };
		075F4AC3241A929C0014F79D /* AboutCanadaModel.swift in Sources */ = {isa = PBXBuildFile; fileRef = 075F4AC2241A929C0014F79D /* AboutCanadaModel.swift */; };
		075F4AC7241A93630014F79D /* Constents.swift in Sources */ = {isa = PBXBuildFile; fileRef = 075F4AC5241A93630014F79D /* Constents.swift */; };
		075F4AC8241A93630014F79D /* APIHandler.swift in Sources */ = {isa = PBXBuildFile; fileRef = 075F4AC6241A93630014F79D /* APIHandler.swift */; };
		075F4ACA241A93BD0014F79D /* CanadaViewModel.swift in Sources */ = {isa = PBXBuildFile; fileRef = 075F4AC9241A93BD0014F79D /* CanadaViewModel.swift */; };
		075F4ACC241A94800014F79D /* ApplicationDefults.swift in Sources */ = {isa = PBXBuildFile; fileRef = 075F4ACB241A94800014F79D /* ApplicationDefults.swift */; };
		37090B33554BCCA07917F4DC /* Pods_WiproAssignment.framework in Frameworks */ = {isa = PBXBuildFile; fileRef = 38E6FC477B2DC870EF2D0670 /* Pods_WiproAssignment.framework */; };
		7685D4C6A879F6EAC154DDFF /* Pods_WiproAssignment_WiproAssignmentUITests.framework in Frameworks */ = {isa = PBXBuildFile; fileRef = C9BA9393B2459E00609FDA72 /* Pods_WiproAssignment_WiproAssignmentUITests.framework */; };
		7D9EABF9F1359845C777D44B /* Pods_WiproAssignmentTests.framework in Frameworks */ = {isa = PBXBuildFile; fileRef = 2F5AC62D882C066422CF5528 /* Pods_WiproAssignmentTests.framework */; };
/* End PBXBuildFile section */

/* Begin PBXContainerItemProxy section */
		075F4A9F241A8F290014F79D /* PBXContainerItemProxy */ = {
			isa = PBXContainerItemProxy;
			containerPortal = 075F4A80241A8F240014F79D /* Project object */;
			proxyType = 1;
			remoteGlobalIDString = 075F4A87241A8F240014F79D;
			remoteInfo = WiproAssignment;
		};
		075F4AAA241A8F290014F79D /* PBXContainerItemProxy */ = {
			isa = PBXContainerItemProxy;
			containerPortal = 075F4A80241A8F240014F79D /* Project object */;
			proxyType = 1;
			remoteGlobalIDString = 075F4A87241A8F240014F79D;
			remoteInfo = WiproAssignment;
		};
/* End PBXContainerItemProxy section */

/* Begin PBXFileReference section */
		075F4A88241A8F240014F79D /* WiproAssignment.app */ = {isa = PBXFileReference; explicitFileType = wrapper.application; includeInIndex = 0; path = WiproAssignment.app; sourceTree = BUILT_PRODUCTS_DIR; };
		075F4A8B241A8F240014F79D /* AppDelegate.swift */ = {isa = PBXFileReference; lastKnownFileType = sourcecode.swift; path = AppDelegate.swift; sourceTree = "<group>"; };
		075F4A8D241A8F240014F79D /* SceneDelegate.swift */ = {isa = PBXFileReference; lastKnownFileType = sourcecode.swift; path = SceneDelegate.swift; sourceTree = "<group>"; };
		075F4A94241A8F290014F79D /* Assets.xcassets */ = {isa = PBXFileReference; lastKnownFileType = folder.assetcatalog; path = Assets.xcassets; sourceTree = "<group>"; };
		075F4A97241A8F290014F79D /* Base */ = {isa = PBXFileReference; lastKnownFileType = file.storyboard; name = Base; path = Base.lproj/LaunchScreen.storyboard; sourceTree = "<group>"; };
		075F4A99241A8F290014F79D /* Info.plist */ = {isa = PBXFileReference; lastKnownFileType = text.plist.xml; path = Info.plist; sourceTree = "<group>"; };
		075F4A9E241A8F290014F79D /* WiproAssignmentTests.xctest */ = {isa = PBXFileReference; explicitFileType = wrapper.cfbundle; includeInIndex = 0; path = WiproAssignmentTests.xctest; sourceTree = BUILT_PRODUCTS_DIR; };
		075F4AA2241A8F290014F79D /* WiproAssignmentTests.swift */ = {isa = PBXFileReference; lastKnownFileType = sourcecode.swift; path = WiproAssignmentTests.swift; sourceTree = "<group>"; };
		075F4AA4241A8F290014F79D /* Info.plist */ = {isa = PBXFileReference; lastKnownFileType = text.plist.xml; path = Info.plist; sourceTree = "<group>"; };
		075F4AA9241A8F290014F79D /* WiproAssignmentUITests.xctest */ = {isa = PBXFileReference; explicitFileType = wrapper.cfbundle; includeInIndex = 0; path = WiproAssignmentUITests.xctest; sourceTree = BUILT_PRODUCTS_DIR; };
		075F4AAD241A8F290014F79D /* WiproAssignmentUITests.swift */ = {isa = PBXFileReference; lastKnownFileType = sourcecode.swift; path = WiproAssignmentUITests.swift; sourceTree = "<group>"; };
		075F4AAF241A8F290014F79D /* Info.plist */ = {isa = PBXFileReference; lastKnownFileType = text.plist.xml; path = Info.plist; sourceTree = "<group>"; };
		075F4ABE241A91C10014F79D /* CanadaListViewController.swift */ = {isa = PBXFileReference; fileEncoding = 4; lastKnownFileType = sourcecode.swift; path = CanadaListViewController.swift; sourceTree = "<group>"; };
		075F4AC0241A920F0014F79D /* ProductsTableViewCell.swift */ = {isa = PBXFileReference; fileEncoding = 4; lastKnownFileType = sourcecode.swift; path = ProductsTableViewCell.swift; sourceTree = "<group>"; };
		075F4AC2241A929C0014F79D /* AboutCanadaModel.swift */ = {isa = PBXFileReference; fileEncoding = 4; lastKnownFileType = sourcecode.swift; path = AboutCanadaModel.swift; sourceTree = "<group>"; };
		075F4AC5241A93630014F79D /* Constents.swift */ = {isa = PBXFileReference; fileEncoding = 4; lastKnownFileType = sourcecode.swift; path = Constents.swift; sourceTree = "<group>"; };
		075F4AC6241A93630014F79D /* APIHandler.swift */ = {isa = PBXFileReference; fileEncoding = 4; lastKnownFileType = sourcecode.swift; path = APIHandler.swift; sourceTree = "<group>"; };
		075F4AC9241A93BD0014F79D /* CanadaViewModel.swift */ = {isa = PBXFileReference; fileEncoding = 4; lastKnownFileType = sourcecode.swift; path = CanadaViewModel.swift; sourceTree = "<group>"; };
		075F4ACB241A94800014F79D /* ApplicationDefults.swift */ = {isa = PBXFileReference; lastKnownFileType = sourcecode.swift; path = ApplicationDefults.swift; sourceTree = "<group>"; };
		2F5AC62D882C066422CF5528 /* Pods_WiproAssignmentTests.framework */ = {isa = PBXFileReference; explicitFileType = wrapper.framework; includeInIndex = 0; path = Pods_WiproAssignmentTests.framework; sourceTree = BUILT_PRODUCTS_DIR; };
		38E6FC477B2DC870EF2D0670 /* Pods_WiproAssignment.framework */ = {isa = PBXFileReference; explicitFileType = wrapper.framework; includeInIndex = 0; path = Pods_WiproAssignment.framework; sourceTree = BUILT_PRODUCTS_DIR; };
		3CBA32E6A81CCBC34FD684A2 /* Pods-WiproAssignmentTests.debug.xcconfig */ = {isa = PBXFileReference; includeInIndex = 1; lastKnownFileType = text.xcconfig; name = "Pods-WiproAssignmentTests.debug.xcconfig"; path = "Target Support Files/Pods-WiproAssignmentTests/Pods-WiproAssignmentTests.debug.xcconfig"; sourceTree = "<group>"; };
		8068A18DE6423C000387A8C4 /* Pods-WiproAssignment.release.xcconfig */ = {isa = PBXFileReference; includeInIndex = 1; lastKnownFileType = text.xcconfig; name = "Pods-WiproAssignment.release.xcconfig"; path = "Target Support Files/Pods-WiproAssignment/Pods-WiproAssignment.release.xcconfig"; sourceTree = "<group>"; };
		A69798EDFF2ACBFF4AFA2005 /* Pods-WiproAssignment-WiproAssignmentUITests.release.xcconfig */ = {isa = PBXFileReference; includeInIndex = 1; lastKnownFileType = text.xcconfig; name = "Pods-WiproAssignment-WiproAssignmentUITests.release.xcconfig"; path = "Target Support Files/Pods-WiproAssignment-WiproAssignmentUITests/Pods-WiproAssignment-WiproAssignmentUITests.release.xcconfig"; sourceTree = "<group>"; };
		C25CDE587AABBBEA736FD0D3 /* Pods-WiproAssignmentTests.release.xcconfig */ = {isa = PBXFileReference; includeInIndex = 1; lastKnownFileType = text.xcconfig; name = "Pods-WiproAssignmentTests.release.xcconfig"; path = "Target Support Files/Pods-WiproAssignmentTests/Pods-WiproAssignmentTests.release.xcconfig"; sourceTree = "<group>"; };
		C9BA9393B2459E00609FDA72 /* Pods_WiproAssignment_WiproAssignmentUITests.framework */ = {isa = PBXFileReference; explicitFileType = wrapper.framework; includeInIndex = 0; path = Pods_WiproAssignment_WiproAssignmentUITests.framework; sourceTree = BUILT_PRODUCTS_DIR; };
		CE382CBC448942958057EBB7 /* Pods-WiproAssignment.debug.xcconfig */ = {isa = PBXFileReference; includeInIndex = 1; lastKnownFileType = text.xcconfig; name = "Pods-WiproAssignment.debug.xcconfig"; path = "Target Support Files/Pods-WiproAssignment/Pods-WiproAssignment.debug.xcconfig"; sourceTree = "<group>"; };
		FCC9C00EA91041C72E5E72B2 /* Pods-WiproAssignment-WiproAssignmentUITests.debug.xcconfig */ = {isa = PBXFileReference; includeInIndex = 1; lastKnownFileType = text.xcconfig; name = "Pods-WiproAssignment-WiproAssignmentUITests.debug.xcconfig"; path = "Target Support Files/Pods-WiproAssignment-WiproAssignmentUITests/Pods-WiproAssignment-WiproAssignmentUITests.debug.xcconfig"; sourceTree = "<group>"; };
/* End PBXFileReference section */

/* Begin PBXFrameworksBuildPhase section */
		075F4A85241A8F240014F79D /* Frameworks */ = {
			isa = PBXFrameworksBuildPhase;
			buildActionMask = 2147483647;
			files = (
				37090B33554BCCA07917F4DC /* Pods_WiproAssignment.framework in Frameworks */,
			);
			runOnlyForDeploymentPostprocessing = 0;
		};
		075F4A9B241A8F290014F79D /* Frameworks */ = {
			isa = PBXFrameworksBuildPhase;
			buildActionMask = 2147483647;
			files = (
				7D9EABF9F1359845C777D44B /* Pods_WiproAssignmentTests.framework in Frameworks */,
			);
			runOnlyForDeploymentPostprocessing = 0;
		};
		075F4AA6241A8F290014F79D /* Frameworks */ = {
			isa = PBXFrameworksBuildPhase;
			buildActionMask = 2147483647;
			files = (
				7685D4C6A879F6EAC154DDFF /* Pods_WiproAssignment_WiproAssignmentUITests.framework in Frameworks */,
			);
			runOnlyForDeploymentPostprocessing = 0;
		};
/* End PBXFrameworksBuildPhase section */

/* Begin PBXGroup section */
		075F4A7F241A8F240014F79D = {
			isa = PBXGroup;
			children = (
				075F4A8A241A8F240014F79D /* WiproAssignment */,
				075F4AA1241A8F290014F79D /* WiproAssignmentTests */,
				075F4AAC241A8F290014F79D /* WiproAssignmentUITests */,
				075F4A89241A8F240014F79D /* Products */,
				3B0019B878DA40CB944D9203 /* Pods */,
				152CB1318BF10799836AF0AC /* Frameworks */,
			);
			sourceTree = "<group>";
		};
		075F4A89241A8F240014F79D /* Products */ = {
			isa = PBXGroup;
			children = (
				075F4A88241A8F240014F79D /* WiproAssignment.app */,
				075F4A9E241A8F290014F79D /* WiproAssignmentTests.xctest */,
				075F4AA9241A8F290014F79D /* WiproAssignmentUITests.xctest */,
			);
			name = Products;
			sourceTree = "<group>";
		};
		075F4A8A241A8F240014F79D /* WiproAssignment */ = {
			isa = PBXGroup;
			children = (
				075F4A8B241A8F240014F79D /* AppDelegate.swift */,
				075F4A8D241A8F240014F79D /* SceneDelegate.swift */,
				075F4ABB241A91610014F79D /* Model */,
				075F4ABD241A918B0014F79D /* View */,
				075F4ABC241A91700014F79D /* ViewModel */,
				075F4AC4241A933E0014F79D /* Utils */,
				075F4A94241A8F290014F79D /* Assets.xcassets */,
				075F4A96241A8F290014F79D /* LaunchScreen.storyboard */,
				075F4A99241A8F290014F79D /* Info.plist */,
			);
			path = WiproAssignment;
			sourceTree = "<group>";
		};
		075F4AA1241A8F290014F79D /* WiproAssignmentTests */ = {
			isa = PBXGroup;
			children = (
				075F4AA2241A8F290014F79D /* WiproAssignmentTests.swift */,
				075F4AA4241A8F290014F79D /* Info.plist */,
			);
			path = WiproAssignmentTests;
			sourceTree = "<group>";
		};
		075F4AAC241A8F290014F79D /* WiproAssignmentUITests */ = {
			isa = PBXGroup;
			children = (
				075F4AAD241A8F290014F79D /* WiproAssignmentUITests.swift */,
				075F4AAF241A8F290014F79D /* Info.plist */,
			);
			path = WiproAssignmentUITests;
			sourceTree = "<group>";
		};
		075F4ABB241A91610014F79D /* Model */ = {
			isa = PBXGroup;
			children = (
				075F4AC2241A929C0014F79D /* AboutCanadaModel.swift */,
			);
			path = Model;
			sourceTree = "<group>";
		};
		075F4ABC241A91700014F79D /* ViewModel */ = {
			isa = PBXGroup;
			children = (
				075F4AC9241A93BD0014F79D /* CanadaViewModel.swift */,
			);
			path = ViewModel;
			sourceTree = "<group>";
		};
		075F4ABD241A918B0014F79D /* View */ = {
			isa = PBXGroup;
			children = (
				075F4ABE241A91C10014F79D /* CanadaListViewController.swift */,
				075F4AC0241A920F0014F79D /* ProductsTableViewCell.swift */,
			);
			path = View;
			sourceTree = "<group>";
		};
		075F4AC4241A933E0014F79D /* Utils */ = {
			isa = PBXGroup;
			children = (
				075F4AC6241A93630014F79D /* APIHandler.swift */,
				075F4AC5241A93630014F79D /* Constents.swift */,
				075F4ACB241A94800014F79D /* ApplicationDefults.swift */,
			);
			path = Utils;
			sourceTree = "<group>";
		};
		152CB1318BF10799836AF0AC /* Frameworks */ = {
			isa = PBXGroup;
			children = (
				38E6FC477B2DC870EF2D0670 /* Pods_WiproAssignment.framework */,
				C9BA9393B2459E00609FDA72 /* Pods_WiproAssignment_WiproAssignmentUITests.framework */,
				2F5AC62D882C066422CF5528 /* Pods_WiproAssignmentTests.framework */,
			);
			name = Frameworks;
			sourceTree = "<group>";
		};
		3B0019B878DA40CB944D9203 /* Pods */ = {
			isa = PBXGroup;
			children = (
				CE382CBC448942958057EBB7 /* Pods-WiproAssignment.debug.xcconfig */,
				8068A18DE6423C000387A8C4 /* Pods-WiproAssignment.release.xcconfig */,
				FCC9C00EA91041C72E5E72B2 /* Pods-WiproAssignment-WiproAssignmentUITests.debug.xcconfig */,
				A69798EDFF2ACBFF4AFA2005 /* Pods-WiproAssignment-WiproAssignmentUITests.release.xcconfig */,
				3CBA32E6A81CCBC34FD684A2 /* Pods-WiproAssignmentTests.debug.xcconfig */,
				C25CDE587AABBBEA736FD0D3 /* Pods-WiproAssignmentTests.release.xcconfig */,
			);
			path = Pods;
			sourceTree = "<group>";
		};
/* End PBXGroup section */

/* Begin PBXNativeTarget section */
		075F4A87241A8F240014F79D /* WiproAssignment */ = {
			isa = PBXNativeTarget;
			buildConfigurationList = 075F4AB2241A8F290014F79D /* Build configuration list for PBXNativeTarget "WiproAssignment" */;
			buildPhases = (
				E9C00C52B103B13EF78F3DB4 /* [CP] Check Pods Manifest.lock */,
				075F4A84241A8F240014F79D /* Sources */,
				075F4A85241A8F240014F79D /* Frameworks */,
				075F4A86241A8F240014F79D /* Resources */,
				0FA347DF5342E8A90D9B01E5 /* [CP] Embed Pods Frameworks */,
			);
			buildRules = (
			);
			dependencies = (
			);
			name = WiproAssignment;
			productName = WiproAssignment;
			productReference = 075F4A88241A8F240014F79D /* WiproAssignment.app */;
			productType = "com.apple.product-type.application";
		};
		075F4A9D241A8F290014F79D /* WiproAssignmentTests */ = {
			isa = PBXNativeTarget;
			buildConfigurationList = 075F4AB5241A8F290014F79D /* Build configuration list for PBXNativeTarget "WiproAssignmentTests" */;
			buildPhases = (
				B4F4648309D4E33773704D8C /* [CP] Check Pods Manifest.lock */,
				075F4A9A241A8F290014F79D /* Sources */,
				075F4A9B241A8F290014F79D /* Frameworks */,
				075F4A9C241A8F290014F79D /* Resources */,
			);
			buildRules = (
			);
			dependencies = (
				075F4AA0241A8F290014F79D /* PBXTargetDependency */,
			);
			name = WiproAssignmentTests;
			productName = WiproAssignmentTests;
			productReference = 075F4A9E241A8F290014F79D /* WiproAssignmentTests.xctest */;
			productType = "com.apple.product-type.bundle.unit-test";
		};
		075F4AA8241A8F290014F79D /* WiproAssignmentUITests */ = {
			isa = PBXNativeTarget;
			buildConfigurationList = 075F4AB8241A8F290014F79D /* Build configuration list for PBXNativeTarget "WiproAssignmentUITests" */;
			buildPhases = (
				3ED6DC7320A87ADEBCBE8A66 /* [CP] Check Pods Manifest.lock */,
				075F4AA5241A8F290014F79D /* Sources */,
				075F4AA6241A8F290014F79D /* Frameworks */,
				075F4AA7241A8F290014F79D /* Resources */,
				0457FC15E0D12BFD669A4363 /* [CP] Embed Pods Frameworks */,
			);
			buildRules = (
			);
			dependencies = (
				075F4AAB241A8F290014F79D /* PBXTargetDependency */,
			);
			name = WiproAssignmentUITests;
			productName = WiproAssignmentUITests;
			productReference = 075F4AA9241A8F290014F79D /* WiproAssignmentUITests.xctest */;
			productType = "com.apple.product-type.bundle.ui-testing";
		};
/* End PBXNativeTarget section */

/* Begin PBXProject section */
		075F4A80241A8F240014F79D /* Project object */ = {
			isa = PBXProject;
			attributes = {
				LastSwiftUpdateCheck = 1130;
				LastUpgradeCheck = 1130;
				ORGANIZATIONNAME = "chiranjeevi macharla";
				TargetAttributes = {
					075F4A87241A8F240014F79D = {
						CreatedOnToolsVersion = 11.3.1;
					};
					075F4A9D241A8F290014F79D = {
						CreatedOnToolsVersion = 11.3.1;
						TestTargetID = 075F4A87241A8F240014F79D;
					};
					075F4AA8241A8F290014F79D = {
						CreatedOnToolsVersion = 11.3.1;
						TestTargetID = 075F4A87241A8F240014F79D;
					};
				};
			};
			buildConfigurationList = 075F4A83241A8F240014F79D /* Build configuration list for PBXProject "WiproAssignment" */;
			compatibilityVersion = "Xcode 9.3";
			developmentRegion = en;
			hasScannedForEncodings = 0;
			knownRegions = (
				en,
				Base,
			);
			mainGroup = 075F4A7F241A8F240014F79D;
			productRefGroup = 075F4A89241A8F240014F79D /* Products */;
			projectDirPath = "";
			projectRoot = "";
			targets = (
				075F4A87241A8F240014F79D /* WiproAssignment */,
				075F4A9D241A8F290014F79D /* WiproAssignmentTests */,
				075F4AA8241A8F290014F79D /* WiproAssignmentUITests */,
			);
		};
/* End PBXProject section */

/* Begin PBXResourcesBuildPhase section */
		075F4A86241A8F240014F79D /* Resources */ = {
			isa = PBXResourcesBuildPhase;
			buildActionMask = 2147483647;
			files = (
				075F4A98241A8F290014F79D /* LaunchScreen.storyboard in Resources */,
				075F4A95241A8F290014F79D /* Assets.xcassets in Resources */,
			);
			runOnlyForDeploymentPostprocessing = 0;
		};
		075F4A9C241A8F290014F79D /* Resources */ = {
			isa = PBXResourcesBuildPhase;
			buildActionMask = 2147483647;
			files = (
			);
			runOnlyForDeploymentPostprocessing = 0;
		};
		075F4AA7241A8F290014F79D /* Resources */ = {
			isa = PBXResourcesBuildPhase;
			buildActionMask = 2147483647;
			files = (
			);
			runOnlyForDeploymentPostprocessing = 0;
		};
/* End PBXResourcesBuildPhase section */

/* Begin PBXShellScriptBuildPhase section */
		0457FC15E0D12BFD669A4363 /* [CP] Embed Pods Frameworks */ = {
			isa = PBXShellScriptBuildPhase;
			buildActionMask = 2147483647;
			files = (
			);
			inputFileListPaths = (
				"${PODS_ROOT}/Target Support Files/Pods-WiproAssignment-WiproAssignmentUITests/Pods-WiproAssignment-WiproAssignmentUITests-frameworks-${CONFIGURATION}-input-files.xcfilelist",
			);
			name = "[CP] Embed Pods Frameworks";
			outputFileListPaths = (
				"${PODS_ROOT}/Target Support Files/Pods-WiproAssignment-WiproAssignmentUITests/Pods-WiproAssignment-WiproAssignmentUITests-frameworks-${CONFIGURATION}-output-files.xcfilelist",
			);
			runOnlyForDeploymentPostprocessing = 0;
			shellPath = /bin/sh;
			shellScript = "\"${PODS_ROOT}/Target Support Files/Pods-WiproAssignment-WiproAssignmentUITests/Pods-WiproAssignment-WiproAssignmentUITests-frameworks.sh\"\n";
			showEnvVarsInLog = 0;
		};
		0FA347DF5342E8A90D9B01E5 /* [CP] Embed Pods Frameworks */ = {
			isa = PBXShellScriptBuildPhase;
			buildActionMask = 2147483647;
			files = (
			);
			inputFileListPaths = (
				"${PODS_ROOT}/Target Support Files/Pods-WiproAssignment/Pods-WiproAssignment-frameworks-${CONFIGURATION}-input-files.xcfilelist",
			);
			name = "[CP] Embed Pods Frameworks";
			outputFileListPaths = (
				"${PODS_ROOT}/Target Support Files/Pods-WiproAssignment/Pods-WiproAssignment-frameworks-${CONFIGURATION}-output-files.xcfilelist",
			);
			runOnlyForDeploymentPostprocessing = 0;
			shellPath = /bin/sh;
			shellScript = "\"${PODS_ROOT}/Target Support Files/Pods-WiproAssignment/Pods-WiproAssignment-frameworks.sh\"\n";
			showEnvVarsInLog = 0;
		};
		3ED6DC7320A87ADEBCBE8A66 /* [CP] Check Pods Manifest.lock */ = {
			isa = PBXShellScriptBuildPhase;
			buildActionMask = 2147483647;
			files = (
			);
			inputFileListPaths = (
			);
			inputPaths = (
				"${PODS_PODFILE_DIR_PATH}/Podfile.lock",
				"${PODS_ROOT}/Manifest.lock",
			);
			name = "[CP] Check Pods Manifest.lock";
			outputFileListPaths = (
			);
			outputPaths = (
				"$(DERIVED_FILE_DIR)/Pods-WiproAssignment-WiproAssignmentUITests-checkManifestLockResult.txt",
			);
			runOnlyForDeploymentPostprocessing = 0;
			shellPath = /bin/sh;
			shellScript = "diff \"${PODS_PODFILE_DIR_PATH}/Podfile.lock\" \"${PODS_ROOT}/Manifest.lock\" > /dev/null\nif [ $? != 0 ] ; then\n    # print error to STDERR\n    echo \"error: The sandbox is not in sync with the Podfile.lock. Run 'pod install' or update your CocoaPods installation.\" >&2\n    exit 1\nfi\n# This output is used by Xcode 'outputs' to avoid re-running this script phase.\necho \"SUCCESS\" > \"${SCRIPT_OUTPUT_FILE_0}\"\n";
			showEnvVarsInLog = 0;
		};
		B4F4648309D4E33773704D8C /* [CP] Check Pods Manifest.lock */ = {
			isa = PBXShellScriptBuildPhase;
			buildActionMask = 2147483647;
			files = (
			);
			inputFileListPaths = (
			);
			inputPaths = (
				"${PODS_PODFILE_DIR_PATH}/Podfile.lock",
				"${PODS_ROOT}/Manifest.lock",
			);
			name = "[CP] Check Pods Manifest.lock";
			outputFileListPaths = (
			);
			outputPaths = (
				"$(DERIVED_FILE_DIR)/Pods-WiproAssignmentTests-checkManifestLockResult.txt",
			);
			runOnlyForDeploymentPostprocessing = 0;
			shellPath = /bin/sh;
			shellScript = "diff \"${PODS_PODFILE_DIR_PATH}/Podfile.lock\" \"${PODS_ROOT}/Manifest.lock\" > /dev/null\nif [ $? != 0 ] ; then\n    # print error to STDERR\n    echo \"error: The sandbox is not in sync with the Podfile.lock. Run 'pod install' or update your CocoaPods installation.\" >&2\n    exit 1\nfi\n# This output is used by Xcode 'outputs' to avoid re-running this script phase.\necho \"SUCCESS\" > \"${SCRIPT_OUTPUT_FILE_0}\"\n";
			showEnvVarsInLog = 0;
		};
		E9C00C52B103B13EF78F3DB4 /* [CP] Check Pods Manifest.lock */ = {
			isa = PBXShellScriptBuildPhase;
			buildActionMask = 2147483647;
			files = (
			);
			inputFileListPaths = (
			);
			inputPaths = (
				"${PODS_PODFILE_DIR_PATH}/Podfile.lock",
				"${PODS_ROOT}/Manifest.lock",
			);
			name = "[CP] Check Pods Manifest.lock";
			outputFileListPaths = (
			);
			outputPaths = (
				"$(DERIVED_FILE_DIR)/Pods-WiproAssignment-checkManifestLockResult.txt",
			);
			runOnlyForDeploymentPostprocessing = 0;
			shellPath = /bin/sh;
			shellScript = "diff \"${PODS_PODFILE_DIR_PATH}/Podfile.lock\" \"${PODS_ROOT}/Manifest.lock\" > /dev/null\nif [ $? != 0 ] ; then\n    # print error to STDERR\n    echo \"error: The sandbox is not in sync with the Podfile.lock. Run 'pod install' or update your CocoaPods installation.\" >&2\n    exit 1\nfi\n# This output is used by Xcode 'outputs' to avoid re-running this script phase.\necho \"SUCCESS\" > \"${SCRIPT_OUTPUT_FILE_0}\"\n";
			showEnvVarsInLog = 0;
		};
/* End PBXShellScriptBuildPhase section */

/* Begin PBXSourcesBuildPhase section */
		075F4A84241A8F240014F79D /* Sources */ = {
			isa = PBXSourcesBuildPhase;
			buildActionMask = 2147483647;
			files = (
				075F4AC8241A93630014F79D /* APIHandler.swift in Sources */,
				075F4A8C241A8F240014F79D /* AppDelegate.swift in Sources */,
				075F4AC7241A93630014F79D /* Constents.swift in Sources */,
				075F4AC1241A920F0014F79D /* ProductsTableViewCell.swift in Sources */,
				075F4ACA241A93BD0014F79D /* CanadaViewModel.swift in Sources */,
				075F4ABF241A91C10014F79D /* CanadaListViewController.swift in Sources */,
				075F4A8E241A8F240014F79D /* SceneDelegate.swift in Sources */,
				075F4AC3241A929C0014F79D /* AboutCanadaModel.swift in Sources */,
				075F4ACC241A94800014F79D /* ApplicationDefults.swift in Sources */,
			);
			runOnlyForDeploymentPostprocessing = 0;
		};
		075F4A9A241A8F290014F79D /* Sources */ = {
			isa = PBXSourcesBuildPhase;
			buildActionMask = 2147483647;
			files = (
				075F4AA3241A8F290014F79D /* WiproAssignmentTests.swift in Sources */,
			);
			runOnlyForDeploymentPostprocessing = 0;
		};
		075F4AA5241A8F290014F79D /* Sources */ = {
			isa = PBXSourcesBuildPhase;
			buildActionMask = 2147483647;
			files = (
				075F4AAE241A8F290014F79D /* WiproAssignmentUITests.swift in Sources */,
			);
			runOnlyForDeploymentPostprocessing = 0;
		};
/* End PBXSourcesBuildPhase section */

/* Begin PBXTargetDependency section */
		075F4AA0241A8F290014F79D /* PBXTargetDependency */ = {
			isa = PBXTargetDependency;
			target = 075F4A87241A8F240014F79D /* WiproAssignment */;
			targetProxy = 075F4A9F241A8F290014F79D /* PBXContainerItemProxy */;
		};
		075F4AAB241A8F290014F79D /* PBXTargetDependency */ = {
			isa = PBXTargetDependency;
			target = 075F4A87241A8F240014F79D /* WiproAssignment */;
			targetProxy = 075F4AAA241A8F290014F79D /* PBXContainerItemProxy */;
		};
/* End PBXTargetDependency section */

/* Begin PBXVariantGroup section */
		075F4A96241A8F290014F79D /* LaunchScreen.storyboard */ = {
			isa = PBXVariantGroup;
			children = (
				075F4A97241A8F290014F79D /* Base */,
			);
			name = LaunchScreen.storyboard;
			sourceTree = "<group>";
		};
/* End PBXVariantGroup section */

/* Begin XCBuildConfiguration section */
		075F4AB0241A8F290014F79D /* Debug */ = {
			isa = XCBuildConfiguration;
			buildSettings = {
				ALWAYS_SEARCH_USER_PATHS = NO;
				CLANG_ANALYZER_NONNULL = YES;
				CLANG_ANALYZER_NUMBER_OBJECT_CONVERSION = YES_AGGRESSIVE;
				CLANG_CXX_LANGUAGE_STANDARD = "gnu++14";
				CLANG_CXX_LIBRARY = "libc++";
				CLANG_ENABLE_MODULES = YES;
				CLANG_ENABLE_OBJC_ARC = YES;
				CLANG_ENABLE_OBJC_WEAK = YES;
				CLANG_WARN_BLOCK_CAPTURE_AUTORELEASING = YES;
				CLANG_WARN_BOOL_CONVERSION = YES;
				CLANG_WARN_COMMA = YES;
				CLANG_WARN_CONSTANT_CONVERSION = YES;
				CLANG_WARN_DEPRECATED_OBJC_IMPLEMENTATIONS = YES;
				CLANG_WARN_DIRECT_OBJC_ISA_USAGE = YES_ERROR;
				CLANG_WARN_DOCUMENTATION_COMMENTS = YES;
				CLANG_WARN_EMPTY_BODY = YES;
				CLANG_WARN_ENUM_CONVERSION = YES;
				CLANG_WARN_INFINITE_RECURSION = YES;
				CLANG_WARN_INT_CONVERSION = YES;
				CLANG_WARN_NON_LITERAL_NULL_CONVERSION = YES;
				CLANG_WARN_OBJC_IMPLICIT_RETAIN_SELF = YES;
				CLANG_WARN_OBJC_LITERAL_CONVERSION = YES;
				CLANG_WARN_OBJC_ROOT_CLASS = YES_ERROR;
				CLANG_WARN_RANGE_LOOP_ANALYSIS = YES;
				CLANG_WARN_STRICT_PROTOTYPES = YES;
				CLANG_WARN_SUSPICIOUS_MOVE = YES;
				CLANG_WARN_UNGUARDED_AVAILABILITY = YES_AGGRESSIVE;
				CLANG_WARN_UNREACHABLE_CODE = YES;
				CLANG_WARN__DUPLICATE_METHOD_MATCH = YES;
				COPY_PHASE_STRIP = NO;
				DEBUG_INFORMATION_FORMAT = dwarf;
				ENABLE_STRICT_OBJC_MSGSEND = YES;
				ENABLE_TESTABILITY = YES;
				GCC_C_LANGUAGE_STANDARD = gnu11;
				GCC_DYNAMIC_NO_PIC = NO;
				GCC_NO_COMMON_BLOCKS = YES;
				GCC_OPTIMIZATION_LEVEL = 0;
				GCC_PREPROCESSOR_DEFINITIONS = (
					"DEBUG=1",
					"$(inherited)",
				);
				GCC_WARN_64_TO_32_BIT_CONVERSION = YES;
				GCC_WARN_ABOUT_RETURN_TYPE = YES_ERROR;
				GCC_WARN_UNDECLARED_SELECTOR = YES;
				GCC_WARN_UNINITIALIZED_AUTOS = YES_AGGRESSIVE;
				GCC_WARN_UNUSED_FUNCTION = YES;
				GCC_WARN_UNUSED_VARIABLE = YES;
				IPHONEOS_DEPLOYMENT_TARGET = 13.2;
				MTL_ENABLE_DEBUG_INFO = INCLUDE_SOURCE;
				MTL_FAST_MATH = YES;
				ONLY_ACTIVE_ARCH = YES;
				SDKROOT = iphoneos;
				SWIFT_ACTIVE_COMPILATION_CONDITIONS = DEBUG;
				SWIFT_OPTIMIZATION_LEVEL = "-Onone";
			};
			name = Debug;
		};
		075F4AB1241A8F290014F79D /* Release */ = {
			isa = XCBuildConfiguration;
			buildSettings = {
				ALWAYS_SEARCH_USER_PATHS = NO;
				CLANG_ANALYZER_NONNULL = YES;
				CLANG_ANALYZER_NUMBER_OBJECT_CONVERSION = YES_AGGRESSIVE;
				CLANG_CXX_LANGUAGE_STANDARD = "gnu++14";
				CLANG_CXX_LIBRARY = "libc++";
				CLANG_ENABLE_MODULES = YES;
				CLANG_ENABLE_OBJC_ARC = YES;
				CLANG_ENABLE_OBJC_WEAK = YES;
				CLANG_WARN_BLOCK_CAPTURE_AUTORELEASING = YES;
				CLANG_WARN_BOOL_CONVERSION = YES;
				CLANG_WARN_COMMA = YES;
				CLANG_WARN_CONSTANT_CONVERSION = YES;
				CLANG_WARN_DEPRECATED_OBJC_IMPLEMENTATIONS = YES;
				CLANG_WARN_DIRECT_OBJC_ISA_USAGE = YES_ERROR;
				CLANG_WARN_DOCUMENTATION_COMMENTS = YES;
				CLANG_WARN_EMPTY_BODY = YES;
				CLANG_WARN_ENUM_CONVERSION = YES;
				CLANG_WARN_INFINITE_RECURSION = YES;
				CLANG_WARN_INT_CONVERSION = YES;
				CLANG_WARN_NON_LITERAL_NULL_CONVERSION = YES;
				CLANG_WARN_OBJC_IMPLICIT_RETAIN_SELF = YES;
				CLANG_WARN_OBJC_LITERAL_CONVERSION = YES;
				CLANG_WARN_OBJC_ROOT_CLASS = YES_ERROR;
				CLANG_WARN_RANGE_LOOP_ANALYSIS = YES;
				CLANG_WARN_STRICT_PROTOTYPES = YES;
				CLANG_WARN_SUSPICIOUS_MOVE = YES;
				CLANG_WARN_UNGUARDED_AVAILABILITY = YES_AGGRESSIVE;
				CLANG_WARN_UNREACHABLE_CODE = YES;
				CLANG_WARN__DUPLICATE_METHOD_MATCH = YES;
				COPY_PHASE_STRIP = NO;
				DEBUG_INFORMATION_FORMAT = "dwarf-with-dsym";
				ENABLE_NS_ASSERTIONS = NO;
				ENABLE_STRICT_OBJC_MSGSEND = YES;
				GCC_C_LANGUAGE_STANDARD = gnu11;
				GCC_NO_COMMON_BLOCKS = YES;
				GCC_WARN_64_TO_32_BIT_CONVERSION = YES;
				GCC_WARN_ABOUT_RETURN_TYPE = YES_ERROR;
				GCC_WARN_UNDECLARED_SELECTOR = YES;
				GCC_WARN_UNINITIALIZED_AUTOS = YES_AGGRESSIVE;
				GCC_WARN_UNUSED_FUNCTION = YES;
				GCC_WARN_UNUSED_VARIABLE = YES;
				IPHONEOS_DEPLOYMENT_TARGET = 13.2;
				MTL_ENABLE_DEBUG_INFO = NO;
				MTL_FAST_MATH = YES;
				SDKROOT = iphoneos;
				SWIFT_COMPILATION_MODE = wholemodule;
				SWIFT_OPTIMIZATION_LEVEL = "-O";
				VALIDATE_PRODUCT = YES;
			};
			name = Release;
		};
		075F4AB3241A8F290014F79D /* Debug */ = {
			isa = XCBuildConfiguration;
			baseConfigurationReference = CE382CBC448942958057EBB7 /* Pods-WiproAssignment.debug.xcconfig */;
			buildSettings = {
				ASSETCATALOG_COMPILER_APPICON_NAME = AppIcon;
				CODE_SIGN_STYLE = Automatic;
				DEVELOPMENT_TEAM = 47NQZZTCR3;
				INFOPLIST_FILE = WiproAssignment/Info.plist;
				LD_RUNPATH_SEARCH_PATHS = (
					"$(inherited)",
					"@executable_path/Frameworks",
				);
				PRODUCT_BUNDLE_IDENTIFIER = com.chiru.WiproAssignment;
				PRODUCT_NAME = "$(TARGET_NAME)";
				SWIFT_VERSION = 5.0;
				TARGETED_DEVICE_FAMILY = "1,2";
			};
			name = Debug;
		};
		075F4AB4241A8F290014F79D /* Release */ = {
			isa = XCBuildConfiguration;
			baseConfigurationReference = 8068A18DE6423C000387A8C4 /* Pods-WiproAssignment.release.xcconfig */;
			buildSettings = {
				ASSETCATALOG_COMPILER_APPICON_NAME = AppIcon;
				CODE_SIGN_STYLE = Automatic;
				DEVELOPMENT_TEAM = 47NQZZTCR3;
				INFOPLIST_FILE = WiproAssignment/Info.plist;
				LD_RUNPATH_SEARCH_PATHS = (
					"$(inherited)",
					"@executable_path/Frameworks",
				);
				PRODUCT_BUNDLE_IDENTIFIER = com.chiru.WiproAssignment;
				PRODUCT_NAME = "$(TARGET_NAME)";
				SWIFT_VERSION = 5.0;
				TARGETED_DEVICE_FAMILY = "1,2";
			};
			name = Release;
		};
		075F4AB6241A8F290014F79D /* Debug */ = {
			isa = XCBuildConfiguration;
			baseConfigurationReference = 3CBA32E6A81CCBC34FD684A2 /* Pods-WiproAssignmentTests.debug.xcconfig */;
			buildSettings = {
				ALWAYS_EMBED_SWIFT_STANDARD_LIBRARIES = YES;
				BUNDLE_LOADER = "$(TEST_HOST)";
				CODE_SIGN_STYLE = Automatic;
				DEVELOPMENT_TEAM = 47NQZZTCR3;
				INFOPLIST_FILE = WiproAssignmentTests/Info.plist;
				IPHONEOS_DEPLOYMENT_TARGET = 13.2;
				LD_RUNPATH_SEARCH_PATHS = (
					"$(inherited)",
					"@executable_path/Frameworks",
					"@loader_path/Frameworks",
				);
				PRODUCT_BUNDLE_IDENTIFIER = com.chiru.WiproAssignmentTests;
				PRODUCT_NAME = "$(TARGET_NAME)";
				SWIFT_VERSION = 5.0;
				TARGETED_DEVICE_FAMILY = "1,2";
				TEST_HOST = "$(BUILT_PRODUCTS_DIR)/WiproAssignment.app/WiproAssignment";
			};
			name = Debug;
		};
		075F4AB7241A8F290014F79D /* Release */ = {
			isa = XCBuildConfiguration;
			baseConfigurationReference = C25CDE587AABBBEA736FD0D3 /* Pods-WiproAssignmentTests.release.xcconfig */;
			buildSettings = {
				ALWAYS_EMBED_SWIFT_STANDARD_LIBRARIES = YES;
				BUNDLE_LOADER = "$(TEST_HOST)";
				CODE_SIGN_STYLE = Automatic;
				DEVELOPMENT_TEAM = 47NQZZTCR3;
				INFOPLIST_FILE = WiproAssignmentTests/Info.plist;
				IPHONEOS_DEPLOYMENT_TARGET = 13.2;
				LD_RUNPATH_SEARCH_PATHS = (
					"$(inherited)",
					"@executable_path/Frameworks",
					"@loader_path/Frameworks",
				);
				PRODUCT_BUNDLE_IDENTIFIER = com.chiru.WiproAssignmentTests;
				PRODUCT_NAME = "$(TARGET_NAME)";
				SWIFT_VERSION = 5.0;
				TARGETED_DEVICE_FAMILY = "1,2";
				TEST_HOST = "$(BUILT_PRODUCTS_DIR)/WiproAssignment.app/WiproAssignment";
			};
			name = Release;
		};
		075F4AB9241A8F290014F79D /* Debug */ = {
			isa = XCBuildConfiguration;
			baseConfigurationReference = FCC9C00EA91041C72E5E72B2 /* Pods-WiproAssignment-WiproAssignmentUITests.debug.xcconfig */;
			buildSettings = {
				ALWAYS_EMBED_SWIFT_STANDARD_LIBRARIES = YES;
				CODE_SIGN_STYLE = Automatic;
				DEVELOPMENT_TEAM = 47NQZZTCR3;
				INFOPLIST_FILE = WiproAssignmentUITests/Info.plist;
				LD_RUNPATH_SEARCH_PATHS = (
					"$(inherited)",
					"@executable_path/Frameworks",
					"@loader_path/Frameworks",
				);
				PRODUCT_BUNDLE_IDENTIFIER = com.chiru.WiproAssignmentUITests;
				PRODUCT_NAME = "$(TARGET_NAME)";
				SWIFT_VERSION = 5.0;
				TARGETED_DEVICE_FAMILY = "1,2";
				TEST_TARGET_NAME = WiproAssignment;
			};
			name = Debug;
		};
		075F4ABA241A8F290014F79D /* Release */ = {
			isa = XCBuildConfiguration;
			baseConfigurationReference = A69798EDFF2ACBFF4AFA2005 /* Pods-WiproAssignment-WiproAssignmentUITests.release.xcconfig */;
			buildSettings = {
				ALWAYS_EMBED_SWIFT_STANDARD_LIBRARIES = YES;
				CODE_SIGN_STYLE = Automatic;
				DEVELOPMENT_TEAM = 47NQZZTCR3;
				INFOPLIST_FILE = WiproAssignmentUITests/Info.plist;
				LD_RUNPATH_SEARCH_PATHS = (
					"$(inherited)",
					"@executable_path/Frameworks",
					"@loader_path/Frameworks",
				);
				PRODUCT_BUNDLE_IDENTIFIER = com.chiru.WiproAssignmentUITests;
				PRODUCT_NAME = "$(TARGET_NAME)";
				SWIFT_VERSION = 5.0;
				TARGETED_DEVICE_FAMILY = "1,2";
				TEST_TARGET_NAME = WiproAssignment;
			};
			name = Release;
		};
/* End XCBuildConfiguration section */

/* Begin XCConfigurationList section */
		075F4A83241A8F240014F79D /* Build configuration list for PBXProject "WiproAssignment" */ = {
			isa = XCConfigurationList;
			buildConfigurations = (
				075F4AB0241A8F290014F79D /* Debug */,
				075F4AB1241A8F290014F79D /* Release */,
			);
			defaultConfigurationIsVisible = 0;
			defaultConfigurationName = Release;
		};
		075F4AB2241A8F290014F79D /* Build configuration list for PBXNativeTarget "WiproAssignment" */ = {
			isa = XCConfigurationList;
			buildConfigurations = (
				075F4AB3241A8F290014F79D /* Debug */,
				075F4AB4241A8F290014F79D /* Release */,
			);
			defaultConfigurationIsVisible = 0;
			defaultConfigurationName = Release;
		};
		075F4AB5241A8F290014F79D /* Build configuration list for PBXNativeTarget "WiproAssignmentTests" */ = {
			isa = XCConfigurationList;
			buildConfigurations = (
				075F4AB6241A8F290014F79D /* Debug */,
				075F4AB7241A8F290014F79D /* Release */,
			);
			defaultConfigurationIsVisible = 0;
			defaultConfigurationName = Release;
		};
		075F4AB8241A8F290014F79D /* Build configuration list for PBXNativeTarget "WiproAssignmentUITests" */ = {
			isa = XCConfigurationList;
			buildConfigurations = (
				075F4AB9241A8F290014F79D /* Debug */,
				075F4ABA241A8F290014F79D /* Release */,
			);
			defaultConfigurationIsVisible = 0;
			defaultConfigurationName = Release;
		};
/* End XCConfigurationList section */
	};
	rootObject = 075F4A80241A8F240014F79D /* Project object */;
}
